
Microsoft Visual Studio Solution File, Format Version 12.00
# Visual Studio Version 17
VisualStudioVersion = 17.4.33213.308
MinimumVisualStudioVersion = 10.0.40219.1
Project("{FAE04EC0-301F-11D3-BF4B-00C04F79EFBC}") = "ATM-Machine", "ATM-Machine\ATM-Machine.csproj", "{BD89E647-0F39-405E-893A-A6D85BC2CDEF}"
EndProject
Global
	GlobalSection(SolutionConfigurationPlatforms) = preSolution
		Debug|Any CPU = Debug|Any CPU
		Release|Any CPU = Release|Any CPU
	EndGlobalSection
	GlobalSection(ProjectConfigurationPlatforms) = postSolution
		{BD89E647-0F39-405E-893A-A6D85BC2CDEF}.Debug|Any CPU.ActiveCfg = Debug|Any CPU
		{BD89E647-0F39-405E-893A-A6D85BC2CDEF}.Debug|Any CPU.Build.0 = Debug|Any CPU
		{BD89E647-0F39-405E-893A-A6D85BC2CDEF}.Release|Any CPU.ActiveCfg = Release|Any CPU
		{BD89E647-0F39-405E-893A-A6D85BC2CDEF}.Release|Any CPU.Build.0 = Release|Any CPU
	EndGlobalSection
	GlobalSection(SolutionProperties) = preSolution
		HideSolutionNode = FALSE
	EndGlobalSection
	GlobalSection(ExtensibilityGlobals) = postSolution
		SolutionGuid = {8D177543-BBB3-486A-9BDC-45D3196A92F4}
	EndGlobalSection
EndGlobal
